
Microsoft Visual Studio Solution File, Format Version 12.00
# Visual Studio Version 17
VisualStudioVersion = 17.6.33829.357
MinimumVisualStudioVersion = 10.0.40219.1
Project("{FAE04EC0-301F-11D3-BF4B-00C04F79EFBC}") = "ProjectDio", "ProjectDio\ProjectDio.csproj", "{338F9A12-0635-4AE2-8DD5-7429C64BB37C}"
EndProject
Global
	GlobalSection(SolutionConfigurationPlatforms) = preSolution
		Debug|Any CPU = Debug|Any CPU
		Release|Any CPU = Release|Any CPU
	EndGlobalSection
	GlobalSection(ProjectConfigurationPlatforms) = postSolution
		{338F9A12-0635-4AE2-8DD5-7429C64BB37C}.Debug|Any CPU.ActiveCfg = Debug|Any CPU
		{338F9A12-0635-4AE2-8DD5-7429C64BB37C}.Debug|Any CPU.Build.0 = Debug|Any CPU
		{338F9A12-0635-4AE2-8DD5-7429C64BB37C}.Release|Any CPU.ActiveCfg = Release|Any CPU
		{338F9A12-0635-4AE2-8DD5-7429C64BB37C}.Release|Any CPU.Build.0 = Release|Any CPU
	EndGlobalSection
	GlobalSection(SolutionProperties) = preSolution
		HideSolutionNode = FALSE
	EndGlobalSection
	GlobalSection(ExtensibilityGlobals) = postSolution
		SolutionGuid = {7E16ACB5-8FC1-4BD9-AFE1-EA9047CEAFD4}
	EndGlobalSection
EndGlobal
